// !$*UTF8*$!
{
	archiveVersion = 1;
	classes = {
	};
	objectVersion = 46;
	objects = {

/* Begin PBXBuildFile section */
		03E00C811DDFF4B70018D928 /* AppDelegate.swift in Sources */ = {isa = PBXBuildFile; fileRef = 03E00C801DDFF4B70018D928 /* AppDelegate.swift */; };
		03E00C831DDFF4B70018D928 /* ViewController.swift in Sources */ = {isa = PBXBuildFile; fileRef = 03E00C821DDFF4B70018D928 /* ViewController.swift */; };
		03E00C861DDFF4B70018D928 /* Main.storyboard in Resources */ = {isa = PBXBuildFile; fileRef = 03E00C841DDFF4B70018D928 /* Main.storyboard */; };
		03E00C881DDFF4B70018D928 /* Assets.xcassets in Resources */ = {isa = PBXBuildFile; fileRef = 03E00C871DDFF4B70018D928 /* Assets.xcassets */; };
		03E00C8B1DDFF4B70018D928 /* LaunchScreen.storyboard in Resources */ = {isa = PBXBuildFile; fileRef = 03E00C891DDFF4B70018D928 /* LaunchScreen.storyboard */; };
/* End PBXBuildFile section */

/* Begin PBXFileReference section */
		03E00C7D1DDFF4B70018D928 /* RxCameraUI.app */ = {isa = PBXFileReference; explicitFileType = wrapper.application; includeInIndex = 0; path = RxCameraUI.app; sourceTree = BUILT_PRODUCTS_DIR; };
		03E00C801DDFF4B70018D928 /* AppDelegate.swift */ = {isa = PBXFileReference; lastKnownFileType = sourcecode.swift; path = AppDelegate.swift; sourceTree = "<group>"; };
		03E00C821DDFF4B70018D928 /* ViewController.swift */ = {isa = PBXFileReference; lastKnownFileType = sourcecode.swift; path = ViewController.swift; sourceTree = "<group>"; };
		03E00C851DDFF4B70018D928 /* Base */ = {isa = PBXFileReference; lastKnownFileType = file.storyboard; name = Base; path = Base.lproj/Main.storyboard; sourceTree = "<group>"; };
		03E00C871DDFF4B70018D928 /* Assets.xcassets */ = {isa = PBXFileReference; lastKnownFileType = folder.assetcatalog; path = Assets.xcassets; sourceTree = "<group>"; };
		03E00C8A1DDFF4B70018D928 /* Base */ = {isa = PBXFileReference; lastKnownFileType = file.storyboard; name = Base; path = Base.lproj/LaunchScreen.storyboard; sourceTree = "<group>"; };
		03E00C8C1DDFF4B70018D928 /* Info.plist */ = {isa = PBXFileReference; lastKnownFileType = text.plist.xml; path = Info.plist; sourceTree = "<group>"; };
/* End PBXFileReference section */

/* Begin PBXFrameworksBuildPhase section */
		03E00C7A1DDFF4B70018D928 /* Frameworks */ = {
			isa = PBXFrameworksBuildPhase;
			buildActionMask = 2147483647;
			files = (
			);
			runOnlyForDeploymentPostprocessing = 0;
		};
/* End PBXFrameworksBuildPhase section */

/* Begin PBXGroup section */
		03E00C741DDFF4B70018D928 = {
			isa = PBXGroup;
			children = (
				03E00C7F1DDFF4B70018D928 /* RxCameraUI */,
				03E00C7E1DDFF4B70018D928 /* Products */,
			);
			sourceTree = "<group>";
		};
		03E00C7E1DDFF4B70018D928 /* Products */ = {
			isa = PBXGroup;
			children = (
				03E00C7D1DDFF4B70018D928 /* RxCameraUI.app */,
			);
			name = Products;
			sourceTree = "<group>";
		};
		03E00C7F1DDFF4B70018D928 /* RxCameraUI */ = {
			isa = PBXGroup;
			children = (
				03E00C801DDFF4B70018D928 /* AppDelegate.swift */,
				03E00C821DDFF4B70018D928 /* ViewController.swift */,
				03E00C841DDFF4B70018D928 /* Main.storyboard */,
				03E00C871DDFF4B70018D928 /* Assets.xcassets */,
				03E00C891DDFF4B70018D928 /* LaunchScreen.storyboard */,
				03E00C8C1DDFF4B70018D928 /* Info.plist */,
			);
			path = RxCameraUI;
			sourceTree = "<group>";
		};
/* End PBXGroup section */

/* Begin PBXNativeTarget section */
		03E00C7C1DDFF4B70018D928 /* RxCameraUI */ = {
			isa = PBXNativeTarget;
			buildConfigurationList = 03E00C8F1DDFF4B70018D928 /* Build configuration list for PBXNativeTarget "RxCameraUI" */;
			buildPhases = (
				03E00C791DDFF4B70018D928 /* Sources */,
				03E00C7A1DDFF4B70018D928 /* Frameworks */,
				03E00C7B1DDFF4B70018D928 /* Resources */,
			);
			buildRules = (
			);
			dependencies = (
			);
			name = RxCameraUI;
			productName = RxCameraUI;
			productReference = 03E00C7D1DDFF4B70018D928 /* RxCameraUI.app */;
			productType = "com.apple.product-type.application";
		};
/* End PBXNativeTarget section */

/* Begin PBXProject section */
		03E00C751DDFF4B70018D928 /* Project object */ = {
			isa = PBXProject;
			attributes = {
				LastSwiftUpdateCheck = 0810;
				LastUpgradeCheck = 0810;
				ORGANIZATIONNAME = "Satyajit Sarangi";
				TargetAttributes = {
					03E00C7C1DDFF4B70018D928 = {
						CreatedOnToolsVersion = 8.1;
						DevelopmentTeam = G864RAJPSL;
						ProvisioningStyle = Automatic;
					};
				};
			};
			buildConfigurationList = 03E00C781DDFF4B70018D928 /* Build configuration list for PBXProject "RxCameraUI" */;
			compatibilityVersion = "Xcode 3.2";
			developmentRegion = English;
			hasScannedForEncodings = 0;
			knownRegions = (
				en,
				Base,
			);
			mainGroup = 03E00C741DDFF4B70018D928;
			productRefGroup = 03E00C7E1DDFF4B70018D928 /* Products */;
			projectDirPath = "";
			projectRoot = "";
			targets = (
				03E00C7C1DDFF4B70018D928 /* RxCameraUI */,
			);
		};
/* End PBXProject section */

/* Begin PBXResourcesBuildPhase section */
		03E00C7B1DDFF4B70018D928 /* Resources */ = {
			isa = PBXResourcesBuildPhase;
			buildActionMask = 2147483647;
			files = (
				03E00C8B1DDFF4B70018D928 /* LaunchScreen.storyboard in Resources */,
				03E00C881DDFF4B70018D928 /* Assets.xcassets in Resources */,
				03E00C861DDFF4B70018D928 /* Main.storyboard in Resources */,
			);
			runOnlyForDeploymentPostprocessing = 0;
		};
/* End PBXResourcesBuildPhase section */

/* Begin PBXSourcesBuildPhase section */
		03E00C791DDFF4B70018D928 /* Sources */ = {
			isa = PBXSourcesBuildPhase;
			buildActionMask = 2147483647;
			files = (
				03E00C831DDFF4B70018D928 /* ViewController.swift in Sources */,
				03E00C811DDFF4B70018D928 /* AppDelegate.swift in Sources */,
			);
			runOnlyForDeploymentPostprocessing = 0;
		};
/* End PBXSourcesBuildPhase section */

/* Begin PBXVariantGroup section */
		03E00C841DDFF4B70018D928 /* Main.storyboard */ = {
			isa = PBXVariantGroup;
			children = (
				03E00C851DDFF4B70018D928 /* Base */,
			);
			name = Main.storyboard;
			sourceTree = "<group>";
		};
		03E00C891DDFF4B70018D928 /* LaunchScreen.storyboard */ = {
			isa = PBXVariantGroup;
			children = (
				03E00C8A1DDFF4B70018D928 /* Base */,
			);
			name = LaunchScreen.storyboard;
			sourceTree = "<group>";
		};
/* End PBXVariantGroup section */

/* Begin XCBuildConfiguration section */
		03E00C8D1DDFF4B70018D928 /* Debug */ = {
			isa = XCBuildConfiguration;
			buildSettings = {
				ALWAYS_SEARCH_USER_PATHS = NO;
				CLANG_ANALYZER_NONNULL = YES;
				CLANG_CXX_LANGUAGE_STANDARD = "gnu++0x";
				CLANG_CXX_LIBRARY = "libc++";
				CLANG_ENABLE_MODULES = YES;
				CLANG_ENABLE_OBJC_ARC = YES;
				CLANG_WARN_BOOL_CONVERSION = YES;
				CLANG_WARN_CONSTANT_CONVERSION = YES;
				CLANG_WARN_DIRECT_OBJC_ISA_USAGE = YES_ERROR;
				CLANG_WARN_DOCUMENTATION_COMMENTS = YES;
				CLANG_WARN_EMPTY_BODY = YES;
				CLANG_WARN_ENUM_CONVERSION = YES;
				CLANG_WARN_INFINITE_RECURSION = YES;
				CLANG_WARN_INT_CONVERSION = YES;
				CLANG_WARN_OBJC_ROOT_CLASS = YES_ERROR;
				CLANG_WARN_SUSPICIOUS_MOVES = YES;
				CLANG_WARN_UNREACHABLE_CODE = YES;
				CLANG_WARN__DUPLICATE_METHOD_MATCH = YES;
				"CODE_SIGN_IDENTITY[sdk=iphoneos*]" = "iPhone Developer";
				COPY_PHASE_STRIP = NO;
				DEBUG_INFORMATION_FORMAT = dwarf;
				ENABLE_STRICT_OBJC_MSGSEND = YES;
				ENABLE_TESTABILITY = YES;
				GCC_C_LANGUAGE_STANDARD = gnu99;
				GCC_DYNAMIC_NO_PIC = NO;
				GCC_NO_COMMON_BLOCKS = YES;
				GCC_OPTIMIZATION_LEVEL = 0;
				GCC_PREPROCESSOR_DEFINITIONS = (
					"DEBUG=1",
					"$(inherited)",
				);
				GCC_WARN_64_TO_32_BIT_CONVERSION = YES;
				GCC_WARN_ABOUT_RETURN_TYPE = YES_ERROR;
				GCC_WARN_UNDECLARED_SELECTOR = YES;
				GCC_WARN_UNINITIALIZED_AUTOS = YES_AGGRESSIVE;
				GCC_WARN_UNUSED_FUNCTION = YES;
				GCC_WARN_UNUSED_VARIABLE = YES;
				IPHONEOS_DEPLOYMENT_TARGET = 10.1;
				MTL_ENABLE_DEBUG_INFO = YES;
				ONLY_ACTIVE_ARCH = YES;
				SDKROOT = iphoneos;
				SWIFT_ACTIVE_COMPILATION_CONDITIONS = DEBUG;
				SWIFT_OPTIMIZATION_LEVEL = "-Onone";
			};
			name = Debug;
		};
		03E00C8E1DDFF4B70018D928 /* Release */ = {
			isa = XCBuildConfiguration;
			buildSettings = {
				ALWAYS_SEARCH_USER_PATHS = NO;
				CLANG_ANALYZER_NONNULL = YES;
				CLANG_CXX_LANGUAGE_STANDARD = "gnu++0x";
				CLANG_CXX_LIBRARY = "libc++";
				CLANG_ENABLE_MODULES = YES;
				CLANG_ENABLE_OBJC_ARC = YES;
				CLANG_WARN_BOOL_CONVERSION = YES;
				CLANG_WARN_CONSTANT_CONVERSION = YES;
				CLANG_WARN_DIRECT_OBJC_ISA_USAGE = YES_ERROR;
				CLANG_WARN_DOCUMENTATION_COMMENTS = YES;
				CLANG_WARN_EMPTY_BODY = YES;
				CLANG_WARN_ENUM_CONVERSION = YES;
				CLANG_WARN_INFINITE_RECURSION = YES;
				CLANG_WARN_INT_CONVERSION = YES;
				CLANG_WARN_OBJC_ROOT_CLASS = YES_ERROR;
				CLANG_WARN_SUSPICIOUS_MOVES = YES;
				CLANG_WARN_UNREACHABLE_CODE = YES;
				CLANG_WARN__DUPLICATE_METHOD_MATCH = YES;
				"CODE_SIGN_IDENTITY[sdk=iphoneos*]" = "iPhone Developer";
				COPY_PHASE_STRIP = NO;
				DEBUG_INFORMATION_FORMAT = "dwarf-with-dsym";
				ENABLE_NS_ASSERTIONS = NO;
				ENABLE_STRICT_OBJC_MSGSEND = YES;
				GCC_C_LANGUAGE_STANDARD = gnu99;
				GCC_NO_COMMON_BLOCKS = YES;
				GCC_WARN_64_TO_32_BIT_CONVERSION = YES;
				GCC_WARN_ABOUT_RETURN_TYPE = YES_ERROR;
				GCC_WARN_UNDECLARED_SELECTOR = YES;
				GCC_WARN_UNINITIALIZED_AUTOS = YES_AGGRESSIVE;
				GCC_WARN_UNUSED_FUNCTION = YES;
				GCC_WARN_UNUSED_VARIABLE = YES;
				IPHONEOS_DEPLOYMENT_TARGET = 10.1;
				MTL_ENABLE_DEBUG_INFO = NO;
				SDKROOT = iphoneos;
				SWIFT_OPTIMIZATION_LEVEL = "-Owholemodule";
				VALIDATE_PRODUCT = YES;
			};
			name = Release;
		};
		03E00C901DDFF4B70018D928 /* Debug */ = {
			isa = XCBuildConfiguration;
			buildSettings = {
				ASSETCATALOG_COMPILER_APPICON_NAME = AppIcon;
				DEVELOPMENT_TEAM = G864RAJPSL;
				INFOPLIST_FILE = RxCameraUI/Info.plist;
				LD_RUNPATH_SEARCH_PATHS = "$(inherited) @executable_path/Frameworks";
				PRODUCT_BUNDLE_IDENTIFIER = com.ssarangi.RxCameraUI;
				PRODUCT_NAME = "$(TARGET_NAME)";
				SWIFT_VERSION = 3.0;
			};
			name = Debug;
		};
		03E00C911DDFF4B70018D928 /* Release */ = {
			isa = XCBuildConfiguration;
			buildSettings = {
				ASSETCATALOG_COMPILER_APPICON_NAME = AppIcon;
				DEVELOPMENT_TEAM = G864RAJPSL;
				INFOPLIST_FILE = RxCameraUI/Info.plist;
				LD_RUNPATH_SEARCH_PATHS = "$(inherited) @executable_path/Frameworks";
				PRODUCT_BUNDLE_IDENTIFIER = com.ssarangi.RxCameraUI;
				PRODUCT_NAME = "$(TARGET_NAME)";
				SWIFT_VERSION = 3.0;
			};
			name = Release;
		};
/* End XCBuildConfiguration section */

/* Begin XCConfigurationList section */
		03E00C781DDFF4B70018D928 /* Build configuration list for PBXProject "RxCameraUI" */ = {
			isa = XCConfigurationList;
			buildConfigurations = (
				03E00C8D1DDFF4B70018D928 /* Debug */,
				03E00C8E1DDFF4B70018D928 /* Release */,
			);
			defaultConfigurationIsVisible = 0;
			defaultConfigurationName = Release;
		};
		03E00C8F1DDFF4B70018D928 /* Build configuration list for PBXNativeTarget "RxCameraUI" */ = {
			isa = XCConfigurationList;
			buildConfigurations = (
				03E00C901DDFF4B70018D928 /* Debug */,
				03E00C911DDFF4B70018D928 /* Release */,
			);
			defaultConfigurationIsVisible = 0;
		};
/* End XCConfigurationList section */
	};
	rootObject = 03E00C751DDFF4B70018D928 /* Project object */;
}
